
Microsoft Visual Studio Solution File, Format Version 10.00
# Visual Studio 2008
Project("{FAE04EC0-301F-11D3-BF4B-00C04F79EFBC}") = "Importer.Engine", "Importer.Engine\Importer.Engine.csproj", "{C4B12F83-25AC-4C4B-934E-E1EAC0B3EAA6}"
EndProject
Global
	GlobalSection(SolutionConfigurationPlatforms) = preSolution
		Debug|Any CPU = Debug|Any CPU
		Release|Any CPU = Release|Any CPU
	EndGlobalSection
	GlobalSection(ProjectConfigurationPlatforms) = postSolution
		{C4B12F83-25AC-4C4B-934E-E1EAC0B3EAA6}.Debug|Any CPU.ActiveCfg = Debug|Any CPU
		{C4B12F83-25AC-4C4B-934E-E1EAC0B3EAA6}.Debug|Any CPU.Build.0 = Debug|Any CPU
		{C4B12F83-25AC-4C4B-934E-E1EAC0B3EAA6}.Release|Any CPU.ActiveCfg = Release|Any CPU
		{C4B12F83-25AC-4C4B-934E-E1EAC0B3EAA6}.Release|Any CPU.Build.0 = Release|Any CPU
	EndGlobalSection
	GlobalSection(SolutionProperties) = preSolution
		HideSolutionNode = FALSE
	EndGlobalSection
EndGlobal
