
Microsoft Visual Studio Solution File, Format Version 12.00
# Visual Studio Express 2013 for Windows Desktop
VisualStudioVersion = 12.0.40629.0
MinimumVisualStudioVersion = 10.0.40219.1
Project("{FAE04EC0-301F-11D3-BF4B-00C04F79EFBC}") = "Importer.Common", "Importer.Common\Importer.Common.csproj", "{E5349102-55F3-4FBC-9236-81903AE9629C}"
EndProject
Project("{FAE04EC0-301F-11D3-BF4B-00C04F79EFBC}") = "Importer.Models", "Importer.Models\Importer.Models.csproj", "{1EC5E8DE-796E-4435-BBAF-9586A1FA25B7}"
EndProject
Project("{FAE04EC0-301F-11D3-BF4B-00C04F79EFBC}") = "Importer.Data", "Importer.Data\Importer.Data.csproj", "{DB5A0CE3-30C9-4058-97A7-39FAF52AF529}"
EndProject
Project("{2150E333-8FDC-42A3-9474-1A3956D46DE8}") = "UI", "UI", "{E37713CE-BCC2-4904-AFE7-2B1F6A617F6A}"
EndProject
Project("{FAE04EC0-301F-11D3-BF4B-00C04F79EFBC}") = "Importer.UI.ConsoleApp", "Importer.UI.Console\Importer.UI.ConsoleApp.csproj", "{20257D31-B13E-48B7-AE5C-A7D3D66934F8}"
EndProject
Project("{FAE04EC0-301F-11D3-BF4B-00C04F79EFBC}") = "Importer.Presentations", "Importer.Presentation\Importer.Presentations.csproj", "{1EB4FAED-E41D-4F6A-BC0D-C9BBAD2596D0}"
EndProject
Project("{FAE04EC0-301F-11D3-BF4B-00C04F79EFBC}") = "Importer.Data.Xml", "Importer.Data.Xml\Importer.Data.Xml.csproj", "{C0685C07-54B6-4721-AA60-F5C07D96D006}"
EndProject
Project("{FAE04EC0-301F-11D3-BF4B-00C04F79EFBC}") = "Importer.Data.Sql", "Importer.Data.Sql\Importer.Data.Sql.csproj", "{4AB7A248-CA09-4FC7-ADDB-3D74766CE5DF}"
EndProject
Project("{FAE04EC0-301F-11D3-BF4B-00C04F79EFBC}") = "Importer.Data.OleDb", "Importer.Data.OleDb\Importer.Data.OleDb.csproj", "{9459980D-E423-4BC7-927D-66F61D0684FE}"
EndProject
Project("{FAE04EC0-301F-11D3-BF4B-00C04F79EFBC}") = "Importer.UI.WindowsFormsApp", "Importer.UI.WindowsFormsApp\Importer.UI.WindowsFormsApp.csproj", "{BBB1D40F-5D92-47A3-AD15-883730E677D1}"
EndProject
Project("{2150E333-8FDC-42A3-9474-1A3956D46DE8}") = "Solution Items", "Solution Items", "{45F4013A-D4CF-4127-8779-1BF15E54D1BA}"
	ProjectSection(SolutionItems) = preProject
		TODO.txt = TODO.txt
	EndProjectSection
EndProject
Project("{2150E333-8FDC-42A3-9474-1A3956D46DE8}") = "Core", "Core", "{0942B293-FF9B-4E85-A110-5F82BF76D74B}"
EndProject
Project("{FAE04EC0-301F-11D3-BF4B-00C04F79EFBC}") = "Importer.Console.App", "Importer.Console.App\Importer.Console.App.csproj", "{BB4BAB91-4784-4754-A580-1B5346E8D224}"
EndProject
Project("{FAE04EC0-301F-11D3-BF4B-00C04F79EFBC}") = "Importer.Data.Common", "Importer.Data.Common\Importer.Data.Common.csproj", "{FBCEC75F-E289-4AFF-9919-82D921C32A80}"
EndProject
Project("{FAE04EC0-301F-11D3-BF4B-00C04F79EFBC}") = "Importer.WinForms.App", "Importer.WinForms.App\Importer.WinForms.App.csproj", "{D1FE630A-849A-40F9-B61D-2646602D8690}"
EndProject
Project("{2150E333-8FDC-42A3-9474-1A3956D46DE8}") = "Prototype", "Prototype", "{563C1564-3F77-47BC-B921-F00D4E1002B1}"
EndProject
Project("{FAE04EC0-301F-11D3-BF4B-00C04F79EFBC}") = "Importer.Presentations.BETA", "Importer.Presentations.BETA\Importer.Presentations.BETA.csproj", "{C9723CC6-BF6A-4E38-B03E-7C65463A1EC6}"
EndProject
Global
	GlobalSection(SolutionConfigurationPlatforms) = preSolution
		Debug|Any CPU = Debug|Any CPU
		Release|Any CPU = Release|Any CPU
	EndGlobalSection
	GlobalSection(ProjectConfigurationPlatforms) = postSolution
		{E5349102-55F3-4FBC-9236-81903AE9629C}.Debug|Any CPU.ActiveCfg = Debug|Any CPU
		{E5349102-55F3-4FBC-9236-81903AE9629C}.Debug|Any CPU.Build.0 = Debug|Any CPU
		{E5349102-55F3-4FBC-9236-81903AE9629C}.Release|Any CPU.ActiveCfg = Release|Any CPU
		{E5349102-55F3-4FBC-9236-81903AE9629C}.Release|Any CPU.Build.0 = Release|Any CPU
		{1EC5E8DE-796E-4435-BBAF-9586A1FA25B7}.Debug|Any CPU.ActiveCfg = Debug|Any CPU
		{1EC5E8DE-796E-4435-BBAF-9586A1FA25B7}.Debug|Any CPU.Build.0 = Debug|Any CPU
		{1EC5E8DE-796E-4435-BBAF-9586A1FA25B7}.Release|Any CPU.ActiveCfg = Release|Any CPU
		{1EC5E8DE-796E-4435-BBAF-9586A1FA25B7}.Release|Any CPU.Build.0 = Release|Any CPU
		{DB5A0CE3-30C9-4058-97A7-39FAF52AF529}.Debug|Any CPU.ActiveCfg = Debug|Any CPU
		{DB5A0CE3-30C9-4058-97A7-39FAF52AF529}.Debug|Any CPU.Build.0 = Debug|Any CPU
		{DB5A0CE3-30C9-4058-97A7-39FAF52AF529}.Release|Any CPU.ActiveCfg = Release|Any CPU
		{DB5A0CE3-30C9-4058-97A7-39FAF52AF529}.Release|Any CPU.Build.0 = Release|Any CPU
		{20257D31-B13E-48B7-AE5C-A7D3D66934F8}.Debug|Any CPU.ActiveCfg = Debug|Any CPU
		{20257D31-B13E-48B7-AE5C-A7D3D66934F8}.Debug|Any CPU.Build.0 = Debug|Any CPU
		{20257D31-B13E-48B7-AE5C-A7D3D66934F8}.Release|Any CPU.ActiveCfg = Release|Any CPU
		{20257D31-B13E-48B7-AE5C-A7D3D66934F8}.Release|Any CPU.Build.0 = Release|Any CPU
		{1EB4FAED-E41D-4F6A-BC0D-C9BBAD2596D0}.Debug|Any CPU.ActiveCfg = Debug|Any CPU
		{1EB4FAED-E41D-4F6A-BC0D-C9BBAD2596D0}.Debug|Any CPU.Build.0 = Debug|Any CPU
		{1EB4FAED-E41D-4F6A-BC0D-C9BBAD2596D0}.Release|Any CPU.ActiveCfg = Release|Any CPU
		{1EB4FAED-E41D-4F6A-BC0D-C9BBAD2596D0}.Release|Any CPU.Build.0 = Release|Any CPU
		{C0685C07-54B6-4721-AA60-F5C07D96D006}.Debug|Any CPU.ActiveCfg = Debug|Any CPU
		{C0685C07-54B6-4721-AA60-F5C07D96D006}.Debug|Any CPU.Build.0 = Debug|Any CPU
		{C0685C07-54B6-4721-AA60-F5C07D96D006}.Release|Any CPU.ActiveCfg = Release|Any CPU
		{C0685C07-54B6-4721-AA60-F5C07D96D006}.Release|Any CPU.Build.0 = Release|Any CPU
		{4AB7A248-CA09-4FC7-ADDB-3D74766CE5DF}.Debug|Any CPU.ActiveCfg = Debug|Any CPU
		{4AB7A248-CA09-4FC7-ADDB-3D74766CE5DF}.Debug|Any CPU.Build.0 = Debug|Any CPU
		{4AB7A248-CA09-4FC7-ADDB-3D74766CE5DF}.Release|Any CPU.ActiveCfg = Release|Any CPU
		{4AB7A248-CA09-4FC7-ADDB-3D74766CE5DF}.Release|Any CPU.Build.0 = Release|Any CPU
		{9459980D-E423-4BC7-927D-66F61D0684FE}.Debug|Any CPU.ActiveCfg = Debug|Any CPU
		{9459980D-E423-4BC7-927D-66F61D0684FE}.Debug|Any CPU.Build.0 = Debug|Any CPU
		{9459980D-E423-4BC7-927D-66F61D0684FE}.Release|Any CPU.ActiveCfg = Release|Any CPU
		{9459980D-E423-4BC7-927D-66F61D0684FE}.Release|Any CPU.Build.0 = Release|Any CPU
		{BBB1D40F-5D92-47A3-AD15-883730E677D1}.Debug|Any CPU.ActiveCfg = Debug|Any CPU
		{BBB1D40F-5D92-47A3-AD15-883730E677D1}.Debug|Any CPU.Build.0 = Debug|Any CPU
		{BBB1D40F-5D92-47A3-AD15-883730E677D1}.Release|Any CPU.ActiveCfg = Release|Any CPU
		{BBB1D40F-5D92-47A3-AD15-883730E677D1}.Release|Any CPU.Build.0 = Release|Any CPU
		{BB4BAB91-4784-4754-A580-1B5346E8D224}.Debug|Any CPU.ActiveCfg = Debug|Any CPU
		{BB4BAB91-4784-4754-A580-1B5346E8D224}.Debug|Any CPU.Build.0 = Debug|Any CPU
		{BB4BAB91-4784-4754-A580-1B5346E8D224}.Release|Any CPU.ActiveCfg = Release|Any CPU
		{BB4BAB91-4784-4754-A580-1B5346E8D224}.Release|Any CPU.Build.0 = Release|Any CPU
		{FBCEC75F-E289-4AFF-9919-82D921C32A80}.Debug|Any CPU.ActiveCfg = Debug|Any CPU
		{FBCEC75F-E289-4AFF-9919-82D921C32A80}.Debug|Any CPU.Build.0 = Debug|Any CPU
		{FBCEC75F-E289-4AFF-9919-82D921C32A80}.Release|Any CPU.ActiveCfg = Release|Any CPU
		{FBCEC75F-E289-4AFF-9919-82D921C32A80}.Release|Any CPU.Build.0 = Release|Any CPU
		{D1FE630A-849A-40F9-B61D-2646602D8690}.Debug|Any CPU.ActiveCfg = Debug|Any CPU
		{D1FE630A-849A-40F9-B61D-2646602D8690}.Debug|Any CPU.Build.0 = Debug|Any CPU
		{D1FE630A-849A-40F9-B61D-2646602D8690}.Release|Any CPU.ActiveCfg = Release|Any CPU
		{D1FE630A-849A-40F9-B61D-2646602D8690}.Release|Any CPU.Build.0 = Release|Any CPU
		{C9723CC6-BF6A-4E38-B03E-7C65463A1EC6}.Debug|Any CPU.ActiveCfg = Debug|Any CPU
		{C9723CC6-BF6A-4E38-B03E-7C65463A1EC6}.Debug|Any CPU.Build.0 = Debug|Any CPU
		{C9723CC6-BF6A-4E38-B03E-7C65463A1EC6}.Release|Any CPU.ActiveCfg = Release|Any CPU
		{C9723CC6-BF6A-4E38-B03E-7C65463A1EC6}.Release|Any CPU.Build.0 = Release|Any CPU
	EndGlobalSection
	GlobalSection(SolutionProperties) = preSolution
		HideSolutionNode = FALSE
	EndGlobalSection
	GlobalSection(NestedProjects) = preSolution
		{E5349102-55F3-4FBC-9236-81903AE9629C} = {0942B293-FF9B-4E85-A110-5F82BF76D74B}
		{1EC5E8DE-796E-4435-BBAF-9586A1FA25B7} = {0942B293-FF9B-4E85-A110-5F82BF76D74B}
		{DB5A0CE3-30C9-4058-97A7-39FAF52AF529} = {0942B293-FF9B-4E85-A110-5F82BF76D74B}
		{20257D31-B13E-48B7-AE5C-A7D3D66934F8} = {563C1564-3F77-47BC-B921-F00D4E1002B1}
		{1EB4FAED-E41D-4F6A-BC0D-C9BBAD2596D0} = {563C1564-3F77-47BC-B921-F00D4E1002B1}
		{C0685C07-54B6-4721-AA60-F5C07D96D006} = {0942B293-FF9B-4E85-A110-5F82BF76D74B}
		{4AB7A248-CA09-4FC7-ADDB-3D74766CE5DF} = {0942B293-FF9B-4E85-A110-5F82BF76D74B}
		{9459980D-E423-4BC7-927D-66F61D0684FE} = {0942B293-FF9B-4E85-A110-5F82BF76D74B}
		{BBB1D40F-5D92-47A3-AD15-883730E677D1} = {563C1564-3F77-47BC-B921-F00D4E1002B1}
		{BB4BAB91-4784-4754-A580-1B5346E8D224} = {E37713CE-BCC2-4904-AFE7-2B1F6A617F6A}
		{FBCEC75F-E289-4AFF-9919-82D921C32A80} = {0942B293-FF9B-4E85-A110-5F82BF76D74B}
		{D1FE630A-849A-40F9-B61D-2646602D8690} = {E37713CE-BCC2-4904-AFE7-2B1F6A617F6A}
	EndGlobalSection
EndGlobal
